
Microsoft Visual Studio Solution File, Format Version 11.00
# Visual Studio 2010
# SharpDevelop 4.4
Project("{FAE04EC0-301F-11D3-BF4B-00C04F79EFBC}") = "Proyecto", "Proyecto\Proyecto.csproj", "{E630EA01-FCAC-49CB-A90A-3125E47F079E}"
EndProject
Global
	GlobalSection(SolutionConfigurationPlatforms) = preSolution
		Debug|Any CPU = Debug|Any CPU
		Release|Any CPU = Release|Any CPU
	EndGlobalSection
	GlobalSection(ProjectConfigurationPlatforms) = postSolution
		{E630EA01-FCAC-49CB-A90A-3125E47F079E}.Debug|Any CPU.Build.0 = Debug|Any CPU
		{E630EA01-FCAC-49CB-A90A-3125E47F079E}.Debug|Any CPU.ActiveCfg = Debug|Any CPU
		{E630EA01-FCAC-49CB-A90A-3125E47F079E}.Release|Any CPU.Build.0 = Release|Any CPU
		{E630EA01-FCAC-49CB-A90A-3125E47F079E}.Release|Any CPU.ActiveCfg = Release|Any CPU
	EndGlobalSection
EndGlobal
